
Microsoft Visual Studio Solution File, Format Version 12.00
# Visual Studio Version 17
VisualStudioVersion = 17.1.32228.430
MinimumVisualStudioVersion = 10.0.40219.1
Project("{FAE04EC0-301F-11D3-BF4B-00C04F79EFBC}") = "ShoppingCartApp", "ShoppingCartApp\ShoppingCartApp.csproj", "{24A4BBE3-9B31-46A9-AADD-0545FDC076A1}"
EndProject
Project("{FAE04EC0-301F-11D3-BF4B-00C04F79EFBC}") = "ShoppingLibrary", "ShoppingLibrary\ShoppingLibrary.csproj", "{646E511A-6352-4795-B4C6-414216D51D0D}"
EndProject
Global
	GlobalSection(SolutionConfigurationPlatforms) = preSolution
		Debug|Any CPU = Debug|Any CPU
		Release|Any CPU = Release|Any CPU
	EndGlobalSection
	GlobalSection(ProjectConfigurationPlatforms) = postSolution
		{24A4BBE3-9B31-46A9-AADD-0545FDC076A1}.Debug|Any CPU.ActiveCfg = Debug|Any CPU
		{24A4BBE3-9B31-46A9-AADD-0545FDC076A1}.Debug|Any CPU.Build.0 = Debug|Any CPU
		{24A4BBE3-9B31-46A9-AADD-0545FDC076A1}.Release|Any CPU.ActiveCfg = Release|Any CPU
		{24A4BBE3-9B31-46A9-AADD-0545FDC076A1}.Release|Any CPU.Build.0 = Release|Any CPU
		{646E511A-6352-4795-B4C6-414216D51D0D}.Debug|Any CPU.ActiveCfg = Debug|Any CPU
		{646E511A-6352-4795-B4C6-414216D51D0D}.Debug|Any CPU.Build.0 = Debug|Any CPU
		{646E511A-6352-4795-B4C6-414216D51D0D}.Release|Any CPU.ActiveCfg = Release|Any CPU
		{646E511A-6352-4795-B4C6-414216D51D0D}.Release|Any CPU.Build.0 = Release|Any CPU
	EndGlobalSection
	GlobalSection(SolutionProperties) = preSolution
		HideSolutionNode = FALSE
	EndGlobalSection
	GlobalSection(ExtensibilityGlobals) = postSolution
		SolutionGuid = {E715E1B3-CC13-4BE7-8FA9-4231F273AC5F}
	EndGlobalSection
EndGlobal
